
Microsoft Visual Studio Solution File, Format Version 12.00
# Visual Studio Version 17
VisualStudioVersion = 17.3.32804.467
MinimumVisualStudioVersion = 10.0.40219.1
Project("{FAE04EC0-301F-11D3-BF4B-00C04F79EFBC}") = "TesteIMC", "TesteIMC\TesteIMC.csproj", "{16D02F2B-D8B9-4B71-AE1F-CC3DA031CA6D}"
EndProject
Project("{FAE04EC0-301F-11D3-BF4B-00C04F79EFBC}") = "TestarIMC", "TestarIMC\TestarIMC.csproj", "{400018BC-B9B9-468B-A686-9B1556DC94F5}"
EndProject
Project("{FAE04EC0-301F-11D3-BF4B-00C04F79EFBC}") = "TestarIMCxUnit", "TestarIMCxUnit\TestarIMCxUnit.csproj", "{F118A5A7-1178-4934-AA17-73100B84A6F1}"
EndProject
Global
	GlobalSection(SolutionConfigurationPlatforms) = preSolution
		Debug|Any CPU = Debug|Any CPU
		Release|Any CPU = Release|Any CPU
	EndGlobalSection
	GlobalSection(ProjectConfigurationPlatforms) = postSolution
		{16D02F2B-D8B9-4B71-AE1F-CC3DA031CA6D}.Debug|Any CPU.ActiveCfg = Debug|Any CPU
		{16D02F2B-D8B9-4B71-AE1F-CC3DA031CA6D}.Debug|Any CPU.Build.0 = Debug|Any CPU
		{16D02F2B-D8B9-4B71-AE1F-CC3DA031CA6D}.Release|Any CPU.ActiveCfg = Release|Any CPU
		{16D02F2B-D8B9-4B71-AE1F-CC3DA031CA6D}.Release|Any CPU.Build.0 = Release|Any CPU
		{400018BC-B9B9-468B-A686-9B1556DC94F5}.Debug|Any CPU.ActiveCfg = Debug|Any CPU
		{400018BC-B9B9-468B-A686-9B1556DC94F5}.Debug|Any CPU.Build.0 = Debug|Any CPU
		{400018BC-B9B9-468B-A686-9B1556DC94F5}.Release|Any CPU.ActiveCfg = Release|Any CPU
		{400018BC-B9B9-468B-A686-9B1556DC94F5}.Release|Any CPU.Build.0 = Release|Any CPU
		{F118A5A7-1178-4934-AA17-73100B84A6F1}.Debug|Any CPU.ActiveCfg = Debug|Any CPU
		{F118A5A7-1178-4934-AA17-73100B84A6F1}.Debug|Any CPU.Build.0 = Debug|Any CPU
		{F118A5A7-1178-4934-AA17-73100B84A6F1}.Release|Any CPU.ActiveCfg = Release|Any CPU
		{F118A5A7-1178-4934-AA17-73100B84A6F1}.Release|Any CPU.Build.0 = Release|Any CPU
	EndGlobalSection
	GlobalSection(SolutionProperties) = preSolution
		HideSolutionNode = FALSE
	EndGlobalSection
	GlobalSection(ExtensibilityGlobals) = postSolution
		SolutionGuid = {2B90E0CC-CBB0-4D92-8826-FB44D4D1BC14}
	EndGlobalSection
EndGlobal
